
Microsoft Visual Studio Solution File, Format Version 12.00
# Visual Studio Version 17
VisualStudioVersion = 17.2.32526.322
MinimumVisualStudioVersion = 10.0.40219.1
Project("{9A19103F-16F7-4668-BE54-9A1E7A4F7556}") = "CREDITOAUTO.API", "CREDITOAUTO.API\CREDITOAUTO.API.csproj", "{0AE72C84-73E1-42D9-82A4-DB214846CCB6}"
EndProject
Project("{2150E333-8FDC-42A3-9474-1A3956D46DE8}") = "1 WEB", "1 WEB", "{207DC0C4-3FFC-40FB-BAC3-2FA3EBE1B963}"
EndProject
Project("{2150E333-8FDC-42A3-9474-1A3956D46DE8}") = "1.1 API", "1.1 API", "{7F1648CD-97BC-408D-97C0-DCC00CB09047}"
EndProject
Project("{2150E333-8FDC-42A3-9474-1A3956D46DE8}") = "3 DOMAIN", "3 DOMAIN", "{9612F4C1-22F2-404A-8E2D-E2B815BC0AC9}"
EndProject
Project("{9A19103F-16F7-4668-BE54-9A1E7A4F7556}") = "CREDITOAUTO.DOMAIN", "CREDITOAUTO.DOMAIN\CREDITOAUTO.DOMAIN.csproj", "{4878FE17-17D3-4BBC-A346-846286E66FC6}"
EndProject
Project("{2150E333-8FDC-42A3-9474-1A3956D46DE8}") = "4 INFRASTRUCTURE", "4 INFRASTRUCTURE", "{8D864B49-5842-4A91-89F2-AC8BD6CD64A6}"
EndProject
Project("{9A19103F-16F7-4668-BE54-9A1E7A4F7556}") = "CREDITOAUTO.ENTITIES", "CREDITOAUTO.ENTITIES\CREDITOAUTO.ENTITIES.csproj", "{F5DE3DAA-6323-43AC-ADDA-62DEA414E995}"
EndProject
Project("{9A19103F-16F7-4668-BE54-9A1E7A4F7556}") = "CREDITOAUTO.REPOSITORY", "CREDITOAUTO.REPOSITORY\CREDITOAUTO.REPOSITORY.csproj", "{81E68D68-46A5-40C7-9FC5-954E333EEDBE}"
EndProject
Project("{2150E333-8FDC-42A3-9474-1A3956D46DE8}") = "TEST", "TEST", "{808CBEA0-CF49-445D-BFD2-03D751DAF509}"
EndProject
Project("{9A19103F-16F7-4668-BE54-9A1E7A4F7556}") = "CREDITOAUTO.TEST", "CREDITOAUTO.TEST\CREDITOAUTO.TEST.csproj", "{256AEC72-E951-47B8-97FD-BB473FC458E0}"
EndProject
Project("{9A19103F-16F7-4668-BE54-9A1E7A4F7556}") = "CREDITOAUTO.TESTUNIT", "CREDITOAUTO.TESTUNIT\CREDITOAUTO.TESTUNIT.csproj", "{AEEC18D1-9730-416A-A192-9CBA7168713E}"
EndProject
Project("{2150E333-8FDC-42A3-9474-1A3956D46DE8}") = "2 APPLICATION", "2 APPLICATION", "{F997A90D-77CB-4D61-B9A8-BF8BB9DD3D2A}"
EndProject
Project("{9A19103F-16F7-4668-BE54-9A1E7A4F7556}") = "CREDITOAUTO.APPLICATION", "CREDITOAUTO.APPLICATION\CREDITOAUTO.APPLICATION.csproj", "{33DD7865-4855-43B4-B1E4-19ADEB6A91DA}"
EndProject
Project("{2150E333-8FDC-42A3-9474-1A3956D46DE8}") = "5 QUERY", "5 QUERY", "{53E3545A-49B0-49B6-B333-BC17EFB1B920}"
EndProject
Project("{9A19103F-16F7-4668-BE54-9A1E7A4F7556}") = "CREDITOAUTO.QUERY", "CREDITOAUTO.QUERY\CREDITOAUTO.QUERY.csproj", "{E56F8213-7C43-4969-9D94-AB81B4B7E0B5}"
EndProject
Project("{9A19103F-16F7-4668-BE54-9A1E7A4F7556}") = "CREDITOAUTO.QUERY.SQLSERVER", "CREDITOAUTO.QUERY.SQLSERVER\CREDITOAUTO.QUERY.SQLSERVER.csproj", "{E857569C-6C6F-4211-A217-ECFE9CFEB856}"
EndProject
Global
	GlobalSection(SolutionConfigurationPlatforms) = preSolution
		Debug|Any CPU = Debug|Any CPU
		Release|Any CPU = Release|Any CPU
	EndGlobalSection
	GlobalSection(ProjectConfigurationPlatforms) = postSolution
		{0AE72C84-73E1-42D9-82A4-DB214846CCB6}.Debug|Any CPU.ActiveCfg = Debug|Any CPU
		{0AE72C84-73E1-42D9-82A4-DB214846CCB6}.Debug|Any CPU.Build.0 = Debug|Any CPU
		{0AE72C84-73E1-42D9-82A4-DB214846CCB6}.Release|Any CPU.ActiveCfg = Release|Any CPU
		{0AE72C84-73E1-42D9-82A4-DB214846CCB6}.Release|Any CPU.Build.0 = Release|Any CPU
		{4878FE17-17D3-4BBC-A346-846286E66FC6}.Debug|Any CPU.ActiveCfg = Debug|Any CPU
		{4878FE17-17D3-4BBC-A346-846286E66FC6}.Debug|Any CPU.Build.0 = Debug|Any CPU
		{4878FE17-17D3-4BBC-A346-846286E66FC6}.Release|Any CPU.ActiveCfg = Release|Any CPU
		{4878FE17-17D3-4BBC-A346-846286E66FC6}.Release|Any CPU.Build.0 = Release|Any CPU
		{F5DE3DAA-6323-43AC-ADDA-62DEA414E995}.Debug|Any CPU.ActiveCfg = Debug|Any CPU
		{F5DE3DAA-6323-43AC-ADDA-62DEA414E995}.Debug|Any CPU.Build.0 = Debug|Any CPU
		{F5DE3DAA-6323-43AC-ADDA-62DEA414E995}.Release|Any CPU.ActiveCfg = Release|Any CPU
		{F5DE3DAA-6323-43AC-ADDA-62DEA414E995}.Release|Any CPU.Build.0 = Release|Any CPU
		{81E68D68-46A5-40C7-9FC5-954E333EEDBE}.Debug|Any CPU.ActiveCfg = Debug|Any CPU
		{81E68D68-46A5-40C7-9FC5-954E333EEDBE}.Debug|Any CPU.Build.0 = Debug|Any CPU
		{81E68D68-46A5-40C7-9FC5-954E333EEDBE}.Release|Any CPU.ActiveCfg = Release|Any CPU
		{81E68D68-46A5-40C7-9FC5-954E333EEDBE}.Release|Any CPU.Build.0 = Release|Any CPU
		{256AEC72-E951-47B8-97FD-BB473FC458E0}.Debug|Any CPU.ActiveCfg = Debug|Any CPU
		{256AEC72-E951-47B8-97FD-BB473FC458E0}.Debug|Any CPU.Build.0 = Debug|Any CPU
		{256AEC72-E951-47B8-97FD-BB473FC458E0}.Release|Any CPU.ActiveCfg = Release|Any CPU
		{256AEC72-E951-47B8-97FD-BB473FC458E0}.Release|Any CPU.Build.0 = Release|Any CPU
		{AEEC18D1-9730-416A-A192-9CBA7168713E}.Debug|Any CPU.ActiveCfg = Debug|Any CPU
		{AEEC18D1-9730-416A-A192-9CBA7168713E}.Debug|Any CPU.Build.0 = Debug|Any CPU
		{AEEC18D1-9730-416A-A192-9CBA7168713E}.Release|Any CPU.ActiveCfg = Release|Any CPU
		{AEEC18D1-9730-416A-A192-9CBA7168713E}.Release|Any CPU.Build.0 = Release|Any CPU
		{33DD7865-4855-43B4-B1E4-19ADEB6A91DA}.Debug|Any CPU.ActiveCfg = Debug|Any CPU
		{33DD7865-4855-43B4-B1E4-19ADEB6A91DA}.Debug|Any CPU.Build.0 = Debug|Any CPU
		{33DD7865-4855-43B4-B1E4-19ADEB6A91DA}.Release|Any CPU.ActiveCfg = Release|Any CPU
		{33DD7865-4855-43B4-B1E4-19ADEB6A91DA}.Release|Any CPU.Build.0 = Release|Any CPU
		{E56F8213-7C43-4969-9D94-AB81B4B7E0B5}.Debug|Any CPU.ActiveCfg = Debug|Any CPU
		{E56F8213-7C43-4969-9D94-AB81B4B7E0B5}.Debug|Any CPU.Build.0 = Debug|Any CPU
		{E56F8213-7C43-4969-9D94-AB81B4B7E0B5}.Release|Any CPU.ActiveCfg = Release|Any CPU
		{E56F8213-7C43-4969-9D94-AB81B4B7E0B5}.Release|Any CPU.Build.0 = Release|Any CPU
		{E857569C-6C6F-4211-A217-ECFE9CFEB856}.Debug|Any CPU.ActiveCfg = Debug|Any CPU
		{E857569C-6C6F-4211-A217-ECFE9CFEB856}.Debug|Any CPU.Build.0 = Debug|Any CPU
		{E857569C-6C6F-4211-A217-ECFE9CFEB856}.Release|Any CPU.ActiveCfg = Release|Any CPU
		{E857569C-6C6F-4211-A217-ECFE9CFEB856}.Release|Any CPU.Build.0 = Release|Any CPU
	EndGlobalSection
	GlobalSection(SolutionProperties) = preSolution
		HideSolutionNode = FALSE
	EndGlobalSection
	GlobalSection(NestedProjects) = preSolution
		{0AE72C84-73E1-42D9-82A4-DB214846CCB6} = {7F1648CD-97BC-408D-97C0-DCC00CB09047}
		{7F1648CD-97BC-408D-97C0-DCC00CB09047} = {207DC0C4-3FFC-40FB-BAC3-2FA3EBE1B963}
		{4878FE17-17D3-4BBC-A346-846286E66FC6} = {9612F4C1-22F2-404A-8E2D-E2B815BC0AC9}
		{F5DE3DAA-6323-43AC-ADDA-62DEA414E995} = {9612F4C1-22F2-404A-8E2D-E2B815BC0AC9}
		{81E68D68-46A5-40C7-9FC5-954E333EEDBE} = {8D864B49-5842-4A91-89F2-AC8BD6CD64A6}
		{256AEC72-E951-47B8-97FD-BB473FC458E0} = {808CBEA0-CF49-445D-BFD2-03D751DAF509}
		{AEEC18D1-9730-416A-A192-9CBA7168713E} = {808CBEA0-CF49-445D-BFD2-03D751DAF509}
		{33DD7865-4855-43B4-B1E4-19ADEB6A91DA} = {F997A90D-77CB-4D61-B9A8-BF8BB9DD3D2A}
		{E56F8213-7C43-4969-9D94-AB81B4B7E0B5} = {53E3545A-49B0-49B6-B333-BC17EFB1B920}
		{E857569C-6C6F-4211-A217-ECFE9CFEB856} = {53E3545A-49B0-49B6-B333-BC17EFB1B920}
	EndGlobalSection
	GlobalSection(ExtensibilityGlobals) = postSolution
		SolutionGuid = {625863EB-B486-4E59-8591-32EFCF4B19DC}
	EndGlobalSection
EndGlobal
